[[package]]
name = "aiosmtplib"
version = "1.1.6"
description = "asyncio SMTP client"
category = "main"
optional = false
python-versions = ">=3.5.2,<4.0.0"

[package.extras]
uvloop = ["uvloop (>=0.13,<0.15)"]
docs = ["sphinx (>=2,<4)", "sphinx_autodoc_typehints (>=1.7.0,<2.0.0)"]

[[package]]
name = "asyncio"
version = "3.4.3"
description = "reference implementation of PEP 3156"
category = "main"
optional = false
python-versions = "*"

[[package]]
name = "dnspython"
version = "2.2.1"
description = "DNS toolkit"
category = "main"
optional = false
python-versions = ">=3.6,<4.0"

[package.extras]
dnssec = ["cryptography (>=2.6,<37.0)"]
curio = ["curio (>=1.2,<2.0)", "sniffio (>=1.1,<2.0)"]
doh = ["h2 (>=4.1.0)", "httpx (>=0.21.1)", "requests (>=2.23.0,<3.0.0)", "requests-toolbelt (>=0.9.1,<0.10.0)"]
idna = ["idna (>=2.1,<4.0)"]
trio = ["trio (>=0.14,<0.20)"]
wmi = ["wmi (>=1.5.1,<2.0.0)"]

[metadata]
lock-version = "1.1"
python-versions = "^3.10"
content-hash = "a2cb94a499e46e7da36d420d7509f4befee16fadaef14aee16680e7a6dbb678c"

[metadata.files]
aiosmtplib = [
    {file = "aiosmtplib-1.1.6-py3-none-any.whl", hash = "sha256:84174765778b2c5e0e207fbce0a769202fcf0c3de81faa87cc03551a6333bfa9"},
    {file = "aiosmtplib-1.1.6.tar.gz", hash = "sha256:d138fe6ffecbc9e6320269690b9ac0b75e540ef96e8f5c77d4a306760014dce2"},
]
asyncio = [
    {file = "asyncio-3.4.3-cp33-none-win32.whl", hash = "sha256:b62c9157d36187eca799c378e572c969f0da87cd5fc42ca372d92cdb06e7e1de"},
    {file = "asyncio-3.4.3-cp33-none-win_amd64.whl", hash = "sha256:c46a87b48213d7464f22d9a497b9eef8c1928b68320a2fa94240f969f6fec08c"},
    {file = "asyncio-3.4.3-py3-none-any.whl", hash = "sha256:c4d18b22701821de07bd6aea8b53d21449ec0ec5680645e5317062ea21817d2d"},
    {file = "asyncio-3.4.3.tar.gz", hash = "sha256:83360ff8bc97980e4ff25c964c7bd3923d333d177aa4f7fb736b019f26c7cb41"},
]
dnspython = [
    {file = "dnspython-2.2.1-py3-none-any.whl", hash = "sha256:a851e51367fb93e9e1361732c1d60dab63eff98712e503ea7d92e6eccb109b4f"},
    {file = "dnspython-2.2.1.tar.gz", hash = "sha256:0f7569a4a6ff151958b64304071d370daa3243d15941a7beedf0c9fe5105603e"},
]
